uuid: c6e64a55-df48-4834-a310-3351b6096c69
langcode: en
status: true
dependencies:
  module:
    - social_core
    - system
  theme:
    - t4ddiaspora
id: pagetitleblock
theme: t4ddiaspora
region: title
weight: -24
provider: null
plugin: social_page_title_block
settings:
  id: social_page_title_block
  label: 'Page title block'
  provider: social_core
  label_display: '0'
visibility:
  request_path:
    id: request_path
    pages: "/group/*\r\n/user/*\r\n/event/*\r\n/profile/*\r\n/topic/*"
    negate: true
    context_mapping: {  }
